
Microsoft Visual Studio Solution File, Format Version 12.00
# Visual Studio Version 17
VisualStudioVersion = 17.11.35312.102
MinimumVisualStudioVersion = 10.0.40219.1
Project("{9A19103F-16F7-4668-BE54-9A1E7A4F7556}") = "GamesConsoleApp", "CarApp2\GamesConsoleApp.csproj", "{4C2AFD98-7A50-4D9D-A41E-42AD710CE54F}"
EndProject
Project("{9A19103F-16F7-4668-BE54-9A1E7A4F7556}") = "Interfaces", "Interfaces\Interfaces.csproj", "{1BBF2C28-9AF5-41A2-8E83-A16BA1D9CE9E}"
EndProject
Project("{9A19103F-16F7-4668-BE54-9A1E7A4F7556}") = "GamesDesktopApp", "CarsApp2\GamesDesktopApp.csproj", "{766FFBBF-5668-4895-8636-01115E9D07F5}"
EndProject
Project("{9A19103F-16F7-4668-BE54-9A1E7A4F7556}") = "DAOEF", "DAOEF\DAOEF.csproj", "{C1DA521F-ADC2-4592-9710-0993F3915C7B}"
EndProject
Project("{9A19103F-16F7-4668-BE54-9A1E7A4F7556}") = "BLC", "BLC\BLC.csproj", "{26FD8CF5-A3E0-4DD7-8629-74672AB9DBC4}"
EndProject
Project("{2150E333-8FDC-42A3-9474-1A3956D46DE8}") = "Solution Items", "Solution Items", "{71B5BE86-C3CA-4033-83F4-2BAF4A382574}"
	ProjectSection(SolutionItems) = preProject
		README.md = README.md
	EndProjectSection
EndProject
Project("{9A19103F-16F7-4668-BE54-9A1E7A4F7556}") = "GamesWebApp", "CarAppWeb\GamesWebApp.csproj", "{96A29190-6EDB-4B41-A5F6-C1D598CB19F2}"
EndProject
Global
	GlobalSection(SolutionConfigurationPlatforms) = preSolution
		Debug|Any CPU = Debug|Any CPU
		Release|Any CPU = Release|Any CPU
	EndGlobalSection
	GlobalSection(ProjectConfigurationPlatforms) = postSolution
		{4C2AFD98-7A50-4D9D-A41E-42AD710CE54F}.Debug|Any CPU.ActiveCfg = Debug|Any CPU
		{4C2AFD98-7A50-4D9D-A41E-42AD710CE54F}.Debug|Any CPU.Build.0 = Debug|Any CPU
		{4C2AFD98-7A50-4D9D-A41E-42AD710CE54F}.Release|Any CPU.ActiveCfg = Release|Any CPU
		{4C2AFD98-7A50-4D9D-A41E-42AD710CE54F}.Release|Any CPU.Build.0 = Release|Any CPU
		{1BBF2C28-9AF5-41A2-8E83-A16BA1D9CE9E}.Debug|Any CPU.ActiveCfg = Debug|Any CPU
		{1BBF2C28-9AF5-41A2-8E83-A16BA1D9CE9E}.Debug|Any CPU.Build.0 = Debug|Any CPU
		{1BBF2C28-9AF5-41A2-8E83-A16BA1D9CE9E}.Release|Any CPU.ActiveCfg = Release|Any CPU
		{1BBF2C28-9AF5-41A2-8E83-A16BA1D9CE9E}.Release|Any CPU.Build.0 = Release|Any CPU
		{766FFBBF-5668-4895-8636-01115E9D07F5}.Debug|Any CPU.ActiveCfg = Debug|Any CPU
		{766FFBBF-5668-4895-8636-01115E9D07F5}.Debug|Any CPU.Build.0 = Debug|Any CPU
		{766FFBBF-5668-4895-8636-01115E9D07F5}.Release|Any CPU.ActiveCfg = Release|Any CPU
		{766FFBBF-5668-4895-8636-01115E9D07F5}.Release|Any CPU.Build.0 = Release|Any CPU
		{C1DA521F-ADC2-4592-9710-0993F3915C7B}.Debug|Any CPU.ActiveCfg = Debug|Any CPU
		{C1DA521F-ADC2-4592-9710-0993F3915C7B}.Debug|Any CPU.Build.0 = Debug|Any CPU
		{C1DA521F-ADC2-4592-9710-0993F3915C7B}.Release|Any CPU.ActiveCfg = Release|Any CPU
		{C1DA521F-ADC2-4592-9710-0993F3915C7B}.Release|Any CPU.Build.0 = Release|Any CPU
		{26FD8CF5-A3E0-4DD7-8629-74672AB9DBC4}.Debug|Any CPU.ActiveCfg = Debug|Any CPU
		{26FD8CF5-A3E0-4DD7-8629-74672AB9DBC4}.Debug|Any CPU.Build.0 = Debug|Any CPU
		{26FD8CF5-A3E0-4DD7-8629-74672AB9DBC4}.Release|Any CPU.ActiveCfg = Release|Any CPU
		{26FD8CF5-A3E0-4DD7-8629-74672AB9DBC4}.Release|Any CPU.Build.0 = Release|Any CPU
		{96A29190-6EDB-4B41-A5F6-C1D598CB19F2}.Debug|Any CPU.ActiveCfg = Debug|Any CPU
		{96A29190-6EDB-4B41-A5F6-C1D598CB19F2}.Debug|Any CPU.Build.0 = Debug|Any CPU
		{96A29190-6EDB-4B41-A5F6-C1D598CB19F2}.Release|Any CPU.ActiveCfg = Release|Any CPU
		{96A29190-6EDB-4B41-A5F6-C1D598CB19F2}.Release|Any CPU.Build.0 = Release|Any CPU
	EndGlobalSection
	GlobalSection(SolutionProperties) = preSolution
		HideSolutionNode = FALSE
	EndGlobalSection
	GlobalSection(ExtensibilityGlobals) = postSolution
		SolutionGuid = {539F6B49-1A6C-4305-BCA1-486C33ED867E}
	EndGlobalSection
EndGlobal
